github.com/josharian/native v1.0.1-0.20221213033349-c1e37c09b531 h1:3HNVAxEgGca1i23Ai/8DeCmibx02jBvTHAT11INaVfU=
github.com/josharian/native v1.0.1-0.20221213033349-c1e37c09b531/go.mod h1:7X/raswPFr05uY3HiLlYeyQntB6OO7E/d2Cu7qoaN2w=
github.com/pierrec/lz4/v4 v4.1.14 h1:+fL8AQEZtz/ijeNnpduH0bROTu0O3NZAlPjQxGn8LwE=
github.com/pierrec/lz4/v4 v4.1.14/go.mod h1:gZWDp/Ze/IJXGXf23ltt2EXimqmTUXEy0GFuRQyBid4=
golang.org/x/sys v0.0.0-20220622161953-175b2fd9d664 h1:wEZYwx+kK+KlZ0hpvP2Ls1Xr4+RWnlzGFwPP0aiDjIU=
golang.org/x/sys v0.0.0-20220622161953-175b2fd9d664/go.mod h1:oPkhp1MJrh7nUepCBck5+mAzfO9JrbApNNgaTdGDITg=
